
Microsoft Visual Studio Solution File, Format Version 12.00
# Visual Studio Version 17
VisualStudioVersion = 17.8.34309.116
MinimumVisualStudioVersion = 10.0.40219.1
Project("{8BC9CEB8-8B4A-11D0-8D11-00A0C91BC942}") = "map_set_RBTree", "map_set_RBTree\map_set_RBTree.vcxproj", "{F780B79C-91AD-4856-ACE6-9B996A4364CE}"
EndProject
Global
	GlobalSection(SolutionConfigurationPlatforms) = preSolution
		Debug|x64 = Debug|x64
		Debug|x86 = Debug|x86
		Release|x64 = Release|x64
		Release|x86 = Release|x86
	EndGlobalSection
	GlobalSection(ProjectConfigurationPlatforms) = postSolution
		{F780B79C-91AD-4856-ACE6-9B996A4364CE}.Debug|x64.ActiveCfg = Debug|x64
		{F780B79C-91AD-4856-ACE6-9B996A4364CE}.Debug|x64.Build.0 = Debug|x64
		{F780B79C-91AD-4856-ACE6-9B996A4364CE}.Debug|x86.ActiveCfg = Debug|Win32
		{F780B79C-91AD-4856-ACE6-9B996A4364CE}.Debug|x86.Build.0 = Debug|Win32
		{F780B79C-91AD-4856-ACE6-9B996A4364CE}.Release|x64.ActiveCfg = Release|x64
		{F780B79C-91AD-4856-ACE6-9B996A4364CE}.Release|x64.Build.0 = Release|x64
		{F780B79C-91AD-4856-ACE6-9B996A4364CE}.Release|x86.ActiveCfg = Release|Win32
		{F780B79C-91AD-4856-ACE6-9B996A4364CE}.Release|x86.Build.0 = Release|Win32
	EndGlobalSection
	GlobalSection(SolutionProperties) = preSolution
		HideSolutionNode = FALSE
	EndGlobalSection
	GlobalSection(ExtensibilityGlobals) = postSolution
		SolutionGuid = {2504D566-B900-418A-87EE-62E941B0D26B}
	EndGlobalSection
EndGlobal
