
Microsoft Visual Studio Solution File, Format Version 12.00
# Visual Studio Version 17
VisualStudioVersion = 17.6.33801.468
MinimumVisualStudioVersion = 10.0.40219.1
Project("{8BC9CEB8-8B4A-11D0-8D11-00A0C91BC942}") = "contact_1.0_static", "contact_1.0_static.vcxproj", "{E5B06A5F-BD22-416A-AB9A-B8564EF6AE5B}"
EndProject
Global
	GlobalSection(SolutionConfigurationPlatforms) = preSolution
		Debug|x64 = Debug|x64
		Debug|x86 = Debug|x86
		Release|x64 = Release|x64
		Release|x86 = Release|x86
	EndGlobalSection
	GlobalSection(ProjectConfigurationPlatforms) = postSolution
		{E5B06A5F-BD22-416A-AB9A-B8564EF6AE5B}.Debug|x64.ActiveCfg = Debug|x64
		{E5B06A5F-BD22-416A-AB9A-B8564EF6AE5B}.Debug|x64.Build.0 = Debug|x64
		{E5B06A5F-BD22-416A-AB9A-B8564EF6AE5B}.Debug|x86.ActiveCfg = Debug|Win32
		{E5B06A5F-BD22-416A-AB9A-B8564EF6AE5B}.Debug|x86.Build.0 = Debug|Win32
		{E5B06A5F-BD22-416A-AB9A-B8564EF6AE5B}.Release|x64.ActiveCfg = Release|x64
		{E5B06A5F-BD22-416A-AB9A-B8564EF6AE5B}.Release|x64.Build.0 = Release|x64
		{E5B06A5F-BD22-416A-AB9A-B8564EF6AE5B}.Release|x86.ActiveCfg = Release|Win32
		{E5B06A5F-BD22-416A-AB9A-B8564EF6AE5B}.Release|x86.Build.0 = Release|Win32
	EndGlobalSection
	GlobalSection(SolutionProperties) = preSolution
		HideSolutionNode = FALSE
	EndGlobalSection
	GlobalSection(ExtensibilityGlobals) = postSolution
		SolutionGuid = {744D0080-58AB-4E16-9C59-C05384A5A4F8}
	EndGlobalSection
EndGlobal
