
Microsoft Visual Studio Solution File, Format Version 12.00
# Visual Studio Version 17
VisualStudioVersion = 17.8.34511.84
MinimumVisualStudioVersion = 10.0.40219.1
Project("{8BC9CEB8-8B4A-11D0-8D11-00A0C91BC942}") = "tcp_ip", "tcp_ip\tcp_ip.vcxproj", "{6DB2AFC8-F583-4A34-9CDB-44E3F0338CA4}"
EndProject
Global
	GlobalSection(SolutionConfigurationPlatforms) = preSolution
		Debug|x64 = Debug|x64
		Debug|x86 = Debug|x86
		Release|x64 = Release|x64
		Release|x86 = Release|x86
	EndGlobalSection
	GlobalSection(ProjectConfigurationPlatforms) = postSolution
		{6DB2AFC8-F583-4A34-9CDB-44E3F0338CA4}.Debug|x64.ActiveCfg = Debug|x64
		{6DB2AFC8-F583-4A34-9CDB-44E3F0338CA4}.Debug|x64.Build.0 = Debug|x64
		{6DB2AFC8-F583-4A34-9CDB-44E3F0338CA4}.Debug|x86.ActiveCfg = Debug|Win32
		{6DB2AFC8-F583-4A34-9CDB-44E3F0338CA4}.Debug|x86.Build.0 = Debug|Win32
		{6DB2AFC8-F583-4A34-9CDB-44E3F0338CA4}.Release|x64.ActiveCfg = Release|x64
		{6DB2AFC8-F583-4A34-9CDB-44E3F0338CA4}.Release|x64.Build.0 = Release|x64
		{6DB2AFC8-F583-4A34-9CDB-44E3F0338CA4}.Release|x86.ActiveCfg = Release|Win32
		{6DB2AFC8-F583-4A34-9CDB-44E3F0338CA4}.Release|x86.Build.0 = Release|Win32
	EndGlobalSection
	GlobalSection(SolutionProperties) = preSolution
		HideSolutionNode = FALSE
	EndGlobalSection
	GlobalSection(ExtensibilityGlobals) = postSolution
		SolutionGuid = {D92EC77D-B4A4-4888-967C-46420D73570D}
	EndGlobalSection
EndGlobal
